
Microsoft Visual Studio Solution File, Format Version 12.00
# Visual Studio Version 17
VisualStudioVersion = 17.8.34601.278
MinimumVisualStudioVersion = 10.0.40219.1
Project("{2150E333-8FDC-42A3-9474-1A3956D46DE8}") = "UI", "UI", "{DE63FE18-F857-40F1-AD02-B915955C7420}"
EndProject
Project("{2150E333-8FDC-42A3-9474-1A3956D46DE8}") = "Logic", "Logic", "{A623E02A-8F74-48B9-96AD-ED32FD9297CA}"
EndProject
Project("{2150E333-8FDC-42A3-9474-1A3956D46DE8}") = "Store", "Store", "{DB38E90B-1459-4A06-ADE4-868BFA4F275B}"
EndProject
Project("{9A19103F-16F7-4668-BE54-9A1E7A4F7556}") = "HCS-Winforms", "HCS-Winforms\HCS-Winforms.csproj", "{2617E875-3E44-44F6-8311-C38FF87C79BE}"
EndProject
Project("{9A19103F-16F7-4668-BE54-9A1E7A4F7556}") = "SimBriefEnhancer", "SimBriefEnhancer\SimBriefEnhancer.csproj", "{C5E52C90-AC0F-40AD-BC9F-C5F95314EE51}"
EndProject
Project("{9A19103F-16F7-4668-BE54-9A1E7A4F7556}") = "CockpitEnhancer_Core", "CockpitEnhancer\CockpitEnhancer_Core.csproj", "{B6F0AD75-4510-4C2E-ABF2-3B7D378BDD12}"
EndProject
Project("{2150E333-8FDC-42A3-9474-1A3956D46DE8}") = "Contracts", "Contracts", "{85927BC9-0B2F-4536-9E98-D56C2DD2F66F}"
EndProject
Project("{2150E333-8FDC-42A3-9474-1A3956D46DE8}") = "Shared", "Shared", "{523CDBF4-8247-4DFD-B3F8-F13E93691124}"
EndProject
Project("{9A19103F-16F7-4668-BE54-9A1E7A4F7556}") = "DTO", "DTO\DTO.csproj", "{5626191E-16E6-40DE-9926-130C742FC77F}"
EndProject
Project("{9A19103F-16F7-4668-BE54-9A1E7A4F7556}") = "FlugplanungContract", "FlugplanungContract\FlugplanungContract.csproj", "{CEC07B30-ED8E-4849-AE7B-DA8025359BF4}"
EndProject
Project("{9A19103F-16F7-4668-BE54-9A1E7A4F7556}") = "CockpitEnhancer_Standart", "CockpitEnhancerStandart\CockpitEnhancer_Standart.csproj", "{BE36E3AE-B0E0-4084-A8BB-650697067626}"
EndProject
Project("{FAE04EC0-301F-11D3-BF4B-00C04F79EFBC}") = "CockpitEnhancer_Classic", "CockpitEnhancerClassic\CockpitEnhancer_Classic.csproj", "{E5C77923-1350-4C37-B9A6-B8CEA44D37F2}"
EndProject
Project("{9A19103F-16F7-4668-BE54-9A1E7A4F7556}") = "CockpitContract", "CockpitContract\CockpitContract.csproj", "{3D47CD18-33A8-43E7-B00D-5168F5ADADF6}"
EndProject
Project("{9A19103F-16F7-4668-BE54-9A1E7A4F7556}") = "NavdataUpdater", "NavdataUpdater\NavdataUpdater.csproj", "{E443450B-D9FF-47EB-9A7D-71C04E115521}"
EndProject
Project("{9A19103F-16F7-4668-BE54-9A1E7A4F7556}") = "WindowsIo", "WindowsIo\WindowsIo.csproj", "{B3D77BB2-FF01-442D-8A14-667C7E46FFEF}"
EndProject
Project("{9A19103F-16F7-4668-BE54-9A1E7A4F7556}") = "Navigation", "Navigation\Navigation.csproj", "{0C644F22-D440-4DFC-AC08-DB244594BD70}"
EndProject
Project("{FAE04EC0-301F-11D3-BF4B-00C04F79EFBC}") = "Setting", "Config\Setting.csproj", "{68259C02-EBC3-4846-B5BA-0D37F5CA9C54}"
EndProject
Global
	GlobalSection(SolutionConfigurationPlatforms) = preSolution
		Debug|Any CPU = Debug|Any CPU
		Debug|x64 = Debug|x64
		Release|Any CPU = Release|Any CPU
		Release|x64 = Release|x64
	EndGlobalSection
	GlobalSection(ProjectConfigurationPlatforms) = postSolution
		{2617E875-3E44-44F6-8311-C38FF87C79BE}.Debug|Any CPU.ActiveCfg = Debug|Any CPU
		{2617E875-3E44-44F6-8311-C38FF87C79BE}.Debug|Any CPU.Build.0 = Debug|Any CPU
		{2617E875-3E44-44F6-8311-C38FF87C79BE}.Debug|x64.ActiveCfg = Debug|x64
		{2617E875-3E44-44F6-8311-C38FF87C79BE}.Debug|x64.Build.0 = Debug|x64
		{2617E875-3E44-44F6-8311-C38FF87C79BE}.Release|Any CPU.ActiveCfg = Release|Any CPU
		{2617E875-3E44-44F6-8311-C38FF87C79BE}.Release|Any CPU.Build.0 = Release|Any CPU
		{2617E875-3E44-44F6-8311-C38FF87C79BE}.Release|x64.ActiveCfg = Release|x64
		{2617E875-3E44-44F6-8311-C38FF87C79BE}.Release|x64.Build.0 = Release|x64
		{C5E52C90-AC0F-40AD-BC9F-C5F95314EE51}.Debug|Any CPU.ActiveCfg = Debug|Any CPU
		{C5E52C90-AC0F-40AD-BC9F-C5F95314EE51}.Debug|Any CPU.Build.0 = Debug|Any CPU
		{C5E52C90-AC0F-40AD-BC9F-C5F95314EE51}.Debug|x64.ActiveCfg = Debug|Any CPU
		{C5E52C90-AC0F-40AD-BC9F-C5F95314EE51}.Debug|x64.Build.0 = Debug|Any CPU
		{C5E52C90-AC0F-40AD-BC9F-C5F95314EE51}.Release|Any CPU.ActiveCfg = Release|Any CPU
		{C5E52C90-AC0F-40AD-BC9F-C5F95314EE51}.Release|Any CPU.Build.0 = Release|Any CPU
		{C5E52C90-AC0F-40AD-BC9F-C5F95314EE51}.Release|x64.ActiveCfg = Release|Any CPU
		{C5E52C90-AC0F-40AD-BC9F-C5F95314EE51}.Release|x64.Build.0 = Release|Any CPU
		{B6F0AD75-4510-4C2E-ABF2-3B7D378BDD12}.Debug|Any CPU.ActiveCfg = Debug|Any CPU
		{B6F0AD75-4510-4C2E-ABF2-3B7D378BDD12}.Debug|Any CPU.Build.0 = Debug|Any CPU
		{B6F0AD75-4510-4C2E-ABF2-3B7D378BDD12}.Debug|x64.ActiveCfg = Debug|Any CPU
		{B6F0AD75-4510-4C2E-ABF2-3B7D378BDD12}.Debug|x64.Build.0 = Debug|Any CPU
		{B6F0AD75-4510-4C2E-ABF2-3B7D378BDD12}.Release|Any CPU.ActiveCfg = Release|Any CPU
		{B6F0AD75-4510-4C2E-ABF2-3B7D378BDD12}.Release|Any CPU.Build.0 = Release|Any CPU
		{B6F0AD75-4510-4C2E-ABF2-3B7D378BDD12}.Release|x64.ActiveCfg = Release|Any CPU
		{B6F0AD75-4510-4C2E-ABF2-3B7D378BDD12}.Release|x64.Build.0 = Release|Any CPU
		{5626191E-16E6-40DE-9926-130C742FC77F}.Debug|Any CPU.ActiveCfg = Debug|Any CPU
		{5626191E-16E6-40DE-9926-130C742FC77F}.Debug|Any CPU.Build.0 = Debug|Any CPU
		{5626191E-16E6-40DE-9926-130C742FC77F}.Debug|x64.ActiveCfg = Debug|Any CPU
		{5626191E-16E6-40DE-9926-130C742FC77F}.Debug|x64.Build.0 = Debug|Any CPU
		{5626191E-16E6-40DE-9926-130C742FC77F}.Release|Any CPU.ActiveCfg = Release|Any CPU
		{5626191E-16E6-40DE-9926-130C742FC77F}.Release|Any CPU.Build.0 = Release|Any CPU
		{5626191E-16E6-40DE-9926-130C742FC77F}.Release|x64.ActiveCfg = Release|Any CPU
		{5626191E-16E6-40DE-9926-130C742FC77F}.Release|x64.Build.0 = Release|Any CPU
		{CEC07B30-ED8E-4849-AE7B-DA8025359BF4}.Debug|Any CPU.ActiveCfg = Debug|Any CPU
		{CEC07B30-ED8E-4849-AE7B-DA8025359BF4}.Debug|Any CPU.Build.0 = Debug|Any CPU
		{CEC07B30-ED8E-4849-AE7B-DA8025359BF4}.Debug|x64.ActiveCfg = Debug|Any CPU
		{CEC07B30-ED8E-4849-AE7B-DA8025359BF4}.Debug|x64.Build.0 = Debug|Any CPU
		{CEC07B30-ED8E-4849-AE7B-DA8025359BF4}.Release|Any CPU.ActiveCfg = Release|Any CPU
		{CEC07B30-ED8E-4849-AE7B-DA8025359BF4}.Release|Any CPU.Build.0 = Release|Any CPU
		{CEC07B30-ED8E-4849-AE7B-DA8025359BF4}.Release|x64.ActiveCfg = Release|Any CPU
		{CEC07B30-ED8E-4849-AE7B-DA8025359BF4}.Release|x64.Build.0 = Release|Any CPU
		{BE36E3AE-B0E0-4084-A8BB-650697067626}.Debug|Any CPU.ActiveCfg = Debug|Any CPU
		{BE36E3AE-B0E0-4084-A8BB-650697067626}.Debug|Any CPU.Build.0 = Debug|Any CPU
		{BE36E3AE-B0E0-4084-A8BB-650697067626}.Debug|x64.ActiveCfg = Debug|Any CPU
		{BE36E3AE-B0E0-4084-A8BB-650697067626}.Debug|x64.Build.0 = Debug|Any CPU
		{BE36E3AE-B0E0-4084-A8BB-650697067626}.Release|Any CPU.ActiveCfg = Release|Any CPU
		{BE36E3AE-B0E0-4084-A8BB-650697067626}.Release|Any CPU.Build.0 = Release|Any CPU
		{BE36E3AE-B0E0-4084-A8BB-650697067626}.Release|x64.ActiveCfg = Release|Any CPU
		{BE36E3AE-B0E0-4084-A8BB-650697067626}.Release|x64.Build.0 = Release|Any CPU
		{E5C77923-1350-4C37-B9A6-B8CEA44D37F2}.Debug|Any CPU.ActiveCfg = Debug|Any CPU
		{E5C77923-1350-4C37-B9A6-B8CEA44D37F2}.Debug|Any CPU.Build.0 = Debug|Any CPU
		{E5C77923-1350-4C37-B9A6-B8CEA44D37F2}.Debug|x64.ActiveCfg = Debug|x64
		{E5C77923-1350-4C37-B9A6-B8CEA44D37F2}.Debug|x64.Build.0 = Debug|x64
		{E5C77923-1350-4C37-B9A6-B8CEA44D37F2}.Release|Any CPU.ActiveCfg = Release|Any CPU
		{E5C77923-1350-4C37-B9A6-B8CEA44D37F2}.Release|Any CPU.Build.0 = Release|Any CPU
		{E5C77923-1350-4C37-B9A6-B8CEA44D37F2}.Release|x64.ActiveCfg = Release|x64
		{E5C77923-1350-4C37-B9A6-B8CEA44D37F2}.Release|x64.Build.0 = Release|x64
		{3D47CD18-33A8-43E7-B00D-5168F5ADADF6}.Debug|Any CPU.ActiveCfg = Debug|Any CPU
		{3D47CD18-33A8-43E7-B00D-5168F5ADADF6}.Debug|Any CPU.Build.0 = Debug|Any CPU
		{3D47CD18-33A8-43E7-B00D-5168F5ADADF6}.Debug|x64.ActiveCfg = Debug|Any CPU
		{3D47CD18-33A8-43E7-B00D-5168F5ADADF6}.Debug|x64.Build.0 = Debug|Any CPU
		{3D47CD18-33A8-43E7-B00D-5168F5ADADF6}.Release|Any CPU.ActiveCfg = Release|Any CPU
		{3D47CD18-33A8-43E7-B00D-5168F5ADADF6}.Release|Any CPU.Build.0 = Release|Any CPU
		{3D47CD18-33A8-43E7-B00D-5168F5ADADF6}.Release|x64.ActiveCfg = Release|Any CPU
		{3D47CD18-33A8-43E7-B00D-5168F5ADADF6}.Release|x64.Build.0 = Release|Any CPU
		{E443450B-D9FF-47EB-9A7D-71C04E115521}.Debug|Any CPU.ActiveCfg = Debug|Any CPU
		{E443450B-D9FF-47EB-9A7D-71C04E115521}.Debug|Any CPU.Build.0 = Debug|Any CPU
		{E443450B-D9FF-47EB-9A7D-71C04E115521}.Debug|x64.ActiveCfg = Debug|Any CPU
		{E443450B-D9FF-47EB-9A7D-71C04E115521}.Debug|x64.Build.0 = Debug|Any CPU
		{E443450B-D9FF-47EB-9A7D-71C04E115521}.Release|Any CPU.ActiveCfg = Release|Any CPU
		{E443450B-D9FF-47EB-9A7D-71C04E115521}.Release|Any CPU.Build.0 = Release|Any CPU
		{E443450B-D9FF-47EB-9A7D-71C04E115521}.Release|x64.ActiveCfg = Release|Any CPU
		{E443450B-D9FF-47EB-9A7D-71C04E115521}.Release|x64.Build.0 = Release|Any CPU
		{B3D77BB2-FF01-442D-8A14-667C7E46FFEF}.Debug|Any CPU.ActiveCfg = Debug|Any CPU
		{B3D77BB2-FF01-442D-8A14-667C7E46FFEF}.Debug|Any CPU.Build.0 = Debug|Any CPU
		{B3D77BB2-FF01-442D-8A14-667C7E46FFEF}.Debug|x64.ActiveCfg = Debug|Any CPU
		{B3D77BB2-FF01-442D-8A14-667C7E46FFEF}.Debug|x64.Build.0 = Debug|Any CPU
		{B3D77BB2-FF01-442D-8A14-667C7E46FFEF}.Release|Any CPU.ActiveCfg = Release|Any CPU
		{B3D77BB2-FF01-442D-8A14-667C7E46FFEF}.Release|Any CPU.Build.0 = Release|Any CPU
		{B3D77BB2-FF01-442D-8A14-667C7E46FFEF}.Release|x64.ActiveCfg = Release|Any CPU
		{B3D77BB2-FF01-442D-8A14-667C7E46FFEF}.Release|x64.Build.0 = Release|Any CPU
		{0C644F22-D440-4DFC-AC08-DB244594BD70}.Debug|Any CPU.ActiveCfg = Debug|Any CPU
		{0C644F22-D440-4DFC-AC08-DB244594BD70}.Debug|Any CPU.Build.0 = Debug|Any CPU
		{0C644F22-D440-4DFC-AC08-DB244594BD70}.Debug|x64.ActiveCfg = Debug|Any CPU
		{0C644F22-D440-4DFC-AC08-DB244594BD70}.Debug|x64.Build.0 = Debug|Any CPU
		{0C644F22-D440-4DFC-AC08-DB244594BD70}.Release|Any CPU.ActiveCfg = Release|Any CPU
		{0C644F22-D440-4DFC-AC08-DB244594BD70}.Release|Any CPU.Build.0 = Release|Any CPU
		{0C644F22-D440-4DFC-AC08-DB244594BD70}.Release|x64.ActiveCfg = Release|Any CPU
		{0C644F22-D440-4DFC-AC08-DB244594BD70}.Release|x64.Build.0 = Release|Any CPU
		{68259C02-EBC3-4846-B5BA-0D37F5CA9C54}.Debug|Any CPU.ActiveCfg = Debug|Any CPU
		{68259C02-EBC3-4846-B5BA-0D37F5CA9C54}.Debug|Any CPU.Build.0 = Debug|Any CPU
		{68259C02-EBC3-4846-B5BA-0D37F5CA9C54}.Debug|x64.ActiveCfg = Debug|Any CPU
		{68259C02-EBC3-4846-B5BA-0D37F5CA9C54}.Debug|x64.Build.0 = Debug|Any CPU
		{68259C02-EBC3-4846-B5BA-0D37F5CA9C54}.Release|Any CPU.ActiveCfg = Release|Any CPU
		{68259C02-EBC3-4846-B5BA-0D37F5CA9C54}.Release|Any CPU.Build.0 = Release|Any CPU
		{68259C02-EBC3-4846-B5BA-0D37F5CA9C54}.Release|x64.ActiveCfg = Release|Any CPU
		{68259C02-EBC3-4846-B5BA-0D37F5CA9C54}.Release|x64.Build.0 = Release|Any CPU
	EndGlobalSection
	GlobalSection(SolutionProperties) = preSolution
		HideSolutionNode = FALSE
	EndGlobalSection
	GlobalSection(NestedProjects) = preSolution
		{2617E875-3E44-44F6-8311-C38FF87C79BE} = {DE63FE18-F857-40F1-AD02-B915955C7420}
		{C5E52C90-AC0F-40AD-BC9F-C5F95314EE51} = {A623E02A-8F74-48B9-96AD-ED32FD9297CA}
		{B6F0AD75-4510-4C2E-ABF2-3B7D378BDD12} = {A623E02A-8F74-48B9-96AD-ED32FD9297CA}
		{5626191E-16E6-40DE-9926-130C742FC77F} = {523CDBF4-8247-4DFD-B3F8-F13E93691124}
		{CEC07B30-ED8E-4849-AE7B-DA8025359BF4} = {85927BC9-0B2F-4536-9E98-D56C2DD2F66F}
		{BE36E3AE-B0E0-4084-A8BB-650697067626} = {A623E02A-8F74-48B9-96AD-ED32FD9297CA}
		{E5C77923-1350-4C37-B9A6-B8CEA44D37F2} = {A623E02A-8F74-48B9-96AD-ED32FD9297CA}
		{3D47CD18-33A8-43E7-B00D-5168F5ADADF6} = {85927BC9-0B2F-4536-9E98-D56C2DD2F66F}
		{E443450B-D9FF-47EB-9A7D-71C04E115521} = {A623E02A-8F74-48B9-96AD-ED32FD9297CA}
		{B3D77BB2-FF01-442D-8A14-667C7E46FFEF} = {DB38E90B-1459-4A06-ADE4-868BFA4F275B}
		{0C644F22-D440-4DFC-AC08-DB244594BD70} = {A623E02A-8F74-48B9-96AD-ED32FD9297CA}
		{68259C02-EBC3-4846-B5BA-0D37F5CA9C54} = {A623E02A-8F74-48B9-96AD-ED32FD9297CA}
	EndGlobalSection
	GlobalSection(ExtensibilityGlobals) = postSolution
		SolutionGuid = {6F73DB48-E81D-4752-AE1A-96A0D65146FA}
	EndGlobalSection
EndGlobal
